
Microsoft Visual Studio Solution File, Format Version 12.00
# Visual Studio Version 17
VisualStudioVersion = 17.5.002.0
MinimumVisualStudioVersion = 10.0.40219.1
Project("{9A19103F-16F7-4668-BE54-9A1E7A4F7556}") = "api-desafio.tech", "api-desafio.tech.csproj", "{CCD1D059-49F7-4CB8-9FEF-3F788929010F}"
EndProject
Global
	GlobalSection(SolutionConfigurationPlatforms) = preSolution
		Debug|Any CPU = Debug|Any CPU
		Release|Any CPU = Release|Any CPU
	EndGlobalSection
	GlobalSection(ProjectConfigurationPlatforms) = postSolution
		{CCD1D059-49F7-4CB8-9FEF-3F788929010F}.Debug|Any CPU.ActiveCfg = Debug|Any CPU
		{CCD1D059-49F7-4CB8-9FEF-3F788929010F}.Debug|Any CPU.Build.0 = Debug|Any CPU
		{CCD1D059-49F7-4CB8-9FEF-3F788929010F}.Release|Any CPU.ActiveCfg = Release|Any CPU
		{CCD1D059-49F7-4CB8-9FEF-3F788929010F}.Release|Any CPU.Build.0 = Release|Any CPU
	EndGlobalSection
	GlobalSection(SolutionProperties) = preSolution
		HideSolutionNode = FALSE
	EndGlobalSection
	GlobalSection(ExtensibilityGlobals) = postSolution
		SolutionGuid = {6C14E210-166B-4C0D-8119-16E574E6154B}
	EndGlobalSection
EndGlobal
